
Microsoft Visual Studio Solution File, Format Version 12.00
# Visual Studio Version 17
VisualStudioVersion = 17.2.32630.192
MinimumVisualStudioVersion = 10.0.40219.1
Project("{FAE04EC0-301F-11D3-BF4B-00C04F79EFBC}") = "LatinSquareProblem", "LatinSquare\LatinSquareProblem.csproj", "{B3124755-66CE-4E67-B14D-F64E224FC3A2}"
EndProject
Project("{FAE04EC0-301F-11D3-BF4B-00C04F79EFBC}") = "LatinSquareBenchmarks", "LatinSquareBenchmarks\LatinSquareBenchmarks.csproj", "{71704EE3-0F3B-4C3E-980A-13214535BC03}"
EndProject
Global
	GlobalSection(SolutionConfigurationPlatforms) = preSolution
		Debug|Any CPU = Debug|Any CPU
		Release|Any CPU = Release|Any CPU
	EndGlobalSection
	GlobalSection(ProjectConfigurationPlatforms) = postSolution
		{B3124755-66CE-4E67-B14D-F64E224FC3A2}.Debug|Any CPU.ActiveCfg = Debug|Any CPU
		{B3124755-66CE-4E67-B14D-F64E224FC3A2}.Debug|Any CPU.Build.0 = Debug|Any CPU
		{B3124755-66CE-4E67-B14D-F64E224FC3A2}.Release|Any CPU.ActiveCfg = Release|Any CPU
		{B3124755-66CE-4E67-B14D-F64E224FC3A2}.Release|Any CPU.Build.0 = Release|Any CPU
		{71704EE3-0F3B-4C3E-980A-13214535BC03}.Debug|Any CPU.ActiveCfg = Debug|Any CPU
		{71704EE3-0F3B-4C3E-980A-13214535BC03}.Debug|Any CPU.Build.0 = Debug|Any CPU
		{71704EE3-0F3B-4C3E-980A-13214535BC03}.Release|Any CPU.ActiveCfg = Release|Any CPU
		{71704EE3-0F3B-4C3E-980A-13214535BC03}.Release|Any CPU.Build.0 = Release|Any CPU
	EndGlobalSection
	GlobalSection(SolutionProperties) = preSolution
		HideSolutionNode = FALSE
	EndGlobalSection
	GlobalSection(ExtensibilityGlobals) = postSolution
		SolutionGuid = {7B015ED6-329A-4FE1-846B-CEDEED60E303}
	EndGlobalSection
EndGlobal
